// !$*UTF8*$!
{
	archiveVersion = 1;
	classes = {
	};
	objectVersion = 46;
	objects = {

/* Begin PBXBuildFile section */
		148129171E536B11000CEF87 /* DraggedImageView.swift in Sources */ = {isa = PBXBuildFile; fileRef = 148129161E536B11000CEF87 /* DraggedImageView.swift */; };
		148129191E536EA5000CEF87 /* a3eecdf48a47e7cf7011744416be731f_animated-apple-gif-apple-animated-clipart_493-437.gif in Resources */ = {isa = PBXBuildFile; fileRef = 148129181E536EA5000CEF87 /* a3eecdf48a47e7cf7011744416be731f_animated-apple-gif-apple-animated-clipart_493-437.gif */; };
		1481291B1E5371E9000CEF87 /* apple.png in Resources */ = {isa = PBXBuildFile; fileRef = 1481291A1E5371E9000CEF87 /* apple.png */; };
		148300E91E4CCB4A00C83C02 /* AppDelegate.swift in Sources */ = {isa = PBXBuildFile; fileRef = 148300E81E4CCB4A00C83C02 /* AppDelegate.swift */; };
		148300EB1E4CCB4A00C83C02 /* ViewController.swift in Sources */ = {isa = PBXBuildFile; fileRef = 148300EA1E4CCB4A00C83C02 /* ViewController.swift */; };
		148300EE1E4CCB4A00C83C02 /* Main.storyboard in Resources */ = {isa = PBXBuildFile; fileRef = 148300EC1E4CCB4A00C83C02 /* Main.storyboard */; };
		148300F01E4CCB4A00C83C02 /* Assets.xcassets in Resources */ = {isa = PBXBuildFile; fileRef = 148300EF1E4CCB4A00C83C02 /* Assets.xcassets */; };
		148300F31E4CCB4A00C83C02 /* LaunchScreen.storyboard in Resources */ = {isa = PBXBuildFile; fileRef = 148300F11E4CCB4A00C83C02 /* LaunchScreen.storyboard */; };
		148300FE1E4CCB4A00C83C02 /* courseworkTests.swift in Sources */ = {isa = PBXBuildFile; fileRef = 148300FD1E4CCB4A00C83C02 /* courseworkTests.swift */; };
		148301091E4CCB4A00C83C02 /* courseworkUITests.swift in Sources */ = {isa = PBXBuildFile; fileRef = 148301081E4CCB4A00C83C02 /* courseworkUITests.swift */; };
		148D871E1E7EF7E700C4B76C /* bensound-funnysong.mp3 in Resources */ = {isa = PBXBuildFile; fileRef = 148D871D1E7EF7E700C4B76C /* bensound-funnysong.mp3 */; };
		148D87201E81CA2200C4B76C /* fingerpoint.jpeg in Resources */ = {isa = PBXBuildFile; fileRef = 148D871F1E81CA2200C4B76C /* fingerpoint.jpeg */; };
		148D87221E81CA8900C4B76C /* fingerpoint2.png in Resources */ = {isa = PBXBuildFile; fileRef = 148D87211E81CA8900C4B76C /* fingerpoint2.png */; };
		14AC694B1E65DC3300029BB1 /* desismileys_4547.gif in Resources */ = {isa = PBXBuildFile; fileRef = 14AC694A1E65DC3300029BB1 /* desismileys_4547.gif */; };
		14AC694D1E661EC500029BB1 /* background_g.paint in Resources */ = {isa = PBXBuildFile; fileRef = 14AC694C1E661EC500029BB1 /* background_g.paint */; };
		14AC694F1E661FA700029BB1 /* background_g.jpeg in Resources */ = {isa = PBXBuildFile; fileRef = 14AC694E1E661FA700029BB1 /* background_g.jpeg */; };
		14AC69531E671B5F00029BB1 /* celebration.gif in Resources */ = {isa = PBXBuildFile; fileRef = 14AC69501E671B5F00029BB1 /* celebration.gif */; };
		14AC69541E671B5F00029BB1 /* tappingonscreen.gif in Resources */ = {isa = PBXBuildFile; fileRef = 14AC69511E671B5F00029BB1 /* tappingonscreen.gif */; };
		14AC69551E671B5F00029BB1 /* thumbsup.gif in Resources */ = {isa = PBXBuildFile; fileRef = 14AC69521E671B5F00029BB1 /* thumbsup.gif */; };
		14B29C6E1E5F603700B8C0B7 /* a3eecdf48a47e7cf7011744416be731f_animated-apple-gif-apple-animated-clipart_493-437.gif in Resources */ = {isa = PBXBuildFile; fileRef = 14B29C671E5F603700B8C0B7 /* a3eecdf48a47e7cf7011744416be731f_animated-apple-gif-apple-animated-clipart_493-437.gif */; };
		14B29C6F1E5F603700B8C0B7 /* celebration-wallpaper-27.jpg in Resources */ = {isa = PBXBuildFile; fileRef = 14B29C681E5F603700B8C0B7 /* celebration-wallpaper-27.jpg */; };
		14B29C701E5F603700B8C0B7 /* cute_baby_backgrounds_vector_537580.jpg in Resources */ = {isa = PBXBuildFile; fileRef = 14B29C691E5F603700B8C0B7 /* cute_baby_backgrounds_vector_537580.jpg */; };
		14B29C711E5F603700B8C0B7 /* Cute-Backgrounds-for-Kids-Cartoon-Books.jpg in Resources */ = {isa = PBXBuildFile; fileRef = 14B29C6A1E5F603700B8C0B7 /* Cute-Backgrounds-for-Kids-Cartoon-Books.jpg */; };
		14B29C721E5F603700B8C0B7 /* purple-flower-17-clip-art-at-clker-com-vector-clip-art-online-NbcXp9-clipart.png in Resources */ = {isa = PBXBuildFile; fileRef = 14B29C6B1E5F603700B8C0B7 /* purple-flower-17-clip-art-at-clker-com-vector-clip-art-online-NbcXp9-clipart.png */; };
		14B29C731E5F603700B8C0B7 /* sad-face-thumbs-down-clipart-posted-by-pat-cunningham-on-k99M4w-clipart.png in Resources */ = {isa = PBXBuildFile; fileRef = 14B29C6C1E5F603700B8C0B7 /* sad-face-thumbs-down-clipart-posted-by-pat-cunningham-on-k99M4w-clipart.png */; };
		14B29C741E5F603700B8C0B7 /* thumbs-up-192.png in Resources */ = {isa = PBXBuildFile; fileRef = 14B29C6D1E5F603700B8C0B7 /* thumbs-up-192.png */; };
		14B29C761E5F63B500B8C0B7 /* CorrectViewController.swift in Sources */ = {isa = PBXBuildFile; fileRef = 14B29C751E5F63B500B8C0B7 /* CorrectViewController.swift */; };
		14B29C7A1E5F910C00B8C0B7 /* 179349.svg in Resources */ = {isa = PBXBuildFile; fileRef = 14B29C791E5F910C00B8C0B7 /* 179349.svg */; };
		14B29C7E1E5F95EF00B8C0B7 /* 6424892-Beautiful-eco-icon-Vector-illustration--Stock-Vector-leaf-green-background.jpg in Resources */ = {isa = PBXBuildFile; fileRef = 14B29C7D1E5F95EF00B8C0B7 /* 6424892-Beautiful-eco-icon-Vector-illustration--Stock-Vector-leaf-green-background.jpg */; };
		14B29C801E5F97B600B8C0B7 /* bird.JPG in Resources */ = {isa = PBXBuildFile; fileRef = 14B29C7F1E5F97B600B8C0B7 /* bird.JPG */; };
		14B29C821E5F98F300B8C0B7 /* circle.png in Resources */ = {isa = PBXBuildFile; fileRef = 14B29C811E5F98F300B8C0B7 /* circle.png */; };
		14C0FD3B1E71DCCF00ABE42A /* download.png in Resources */ = {isa = PBXBuildFile; fileRef = 14C0FD3A1E71DCCF00ABE42A /* download.png */; };
		14C0FD3D1E71E68700ABE42A /* applause6.mp3 in Resources */ = {isa = PBXBuildFile; fileRef = 14C0FD3C1E71E68700ABE42A /* applause6.mp3 */; };
/* End PBXBuildFile section */

/* Begin PBXContainerItemProxy section */
		148300FA1E4CCB4A00C83C02 /* PBXContainerItemProxy */ = {
			isa = PBXContainerItemProxy;
			containerPortal = 148300DD1E4CCB4A00C83C02 /* Project object */;
			proxyType = 1;
			remoteGlobalIDString = 148300E41E4CCB4A00C83C02;
			remoteInfo = coursework;
		};
		148301051E4CCB4A00C83C02 /* PBXContainerItemProxy */ = {
			isa = PBXContainerItemProxy;
			containerPortal = 148300DD1E4CCB4A00C83C02 /* Project object */;
			proxyType = 1;
			remoteGlobalIDString = 148300E41E4CCB4A00C83C02;
			remoteInfo = coursework;
		};
/* End PBXContainerItemProxy section */

/* Begin PBXFileReference section */
		148129161E536B11000CEF87 /* DraggedImageView.swift */ = {isa = PBXFileReference; fileEncoding = 4; lastKnownFileType = sourcecode.swift; name = DraggedImageView.swift; path = ../DraggedImageView.swift; sourceTree = "<group>"; };
		148129181E536EA5000CEF87 /* a3eecdf48a47e7cf7011744416be731f_animated-apple-gif-apple-animated-clipart_493-437.gif */ = {isa = PBXFileReference; lastKnownFileType = image.gif; path = "a3eecdf48a47e7cf7011744416be731f_animated-apple-gif-apple-animated-clipart_493-437.gif"; sourceTree = "<group>"; };
		1481291A1E5371E9000CEF87 /* apple.png */ = {isa = PBXFileReference; lastKnownFileType = image.png; path = apple.png; sourceTree = "<group>"; };
		148300E51E4CCB4A00C83C02 /* coursework.app */ = {isa = PBXFileReference; explicitFileType = wrapper.application; includeInIndex = 0; path = coursework.app; sourceTree = BUILT_PRODUCTS_DIR; };
		148300E81E4CCB4A00C83C02 /* AppDelegate.swift */ = {isa = PBXFileReference; lastKnownFileType = sourcecode.swift; path = AppDelegate.swift; sourceTree = "<group>"; };
		148300EA1E4CCB4A00C83C02 /* ViewController.swift */ = {isa = PBXFileReference; lastKnownFileType = sourcecode.swift; path = ViewController.swift; sourceTree = "<group>"; };
		148300ED1E4CCB4A00C83C02 /* Base */ = {isa = PBXFileReference; lastKnownFileType = file.storyboard; name = Base; path = Base.lproj/Main.storyboard; sourceTree = "<group>"; };
		148300EF1E4CCB4A00C83C02 /* Assets.xcassets */ = {isa = PBXFileReference; lastKnownFileType = folder.assetcatalog; path = Assets.xcassets; sourceTree = "<group>"; };
		148300F21E4CCB4A00C83C02 /* Base */ = {isa = PBXFileReference; lastKnownFileType = file.storyboard; name = Base; path = Base.lproj/LaunchScreen.storyboard; sourceTree = "<group>"; };
		148300F41E4CCB4A00C83C02 /* Info.plist */ = {isa = PBXFileReference; lastKnownFileType = text.plist.xml; path = Info.plist; sourceTree = "<group>"; };
		148300F91E4CCB4A00C83C02 /* courseworkTests.xctest */ = {isa = PBXFileReference; explicitFileType = wrapper.cfbundle; includeInIndex = 0; path = courseworkTests.xctest; sourceTree = BUILT_PRODUCTS_DIR; };
		148300FD1E4CCB4A00C83C02 /* courseworkTests.swift */ = {isa = PBXFileReference; lastKnownFileType = sourcecode.swift; path = courseworkTests.swift; sourceTree = "<group>"; };
		148300FF1E4CCB4A00C83C02 /* Info.plist */ = {isa = PBXFileReference; lastKnownFileType = text.plist.xml; path = Info.plist; sourceTree = "<group>"; };
		148301041E4CCB4A00C83C02 /* courseworkUITests.xctest */ = {isa = PBXFileReference; explicitFileType = wrapper.cfbundle; includeInIndex = 0; path = courseworkUITests.xctest; sourceTree = BUILT_PRODUCTS_DIR; };
		148301081E4CCB4A00C83C02 /* courseworkUITests.swift */ = {isa = PBXFileReference; lastKnownFileType = sourcecode.swift; path = courseworkUITests.swift; sourceTree = "<group>"; };
		1483010A1E4CCB4A00C83C02 /* Info.plist */ = {isa = PBXFileReference; lastKnownFileType = text.plist.xml; path = Info.plist; sourceTree = "<group>"; };
		148D871D1E7EF7E700C4B76C /* bensound-funnysong.mp3 */ = {isa = PBXFileReference; lastKnownFileType = audio.mp3; name = "bensound-funnysong.mp3"; path = "coursework/bensound-funnysong.mp3"; sourceTree = "<group>"; };
		148D871F1E81CA2200C4B76C /* fingerpoint.jpeg */ = {isa = PBXFileReference; lastKnownFileType = image.jpeg; name = fingerpoint.jpeg; path = images/fingerpoint.jpeg; sourceTree = SOURCE_ROOT; };
		148D87211E81CA8900C4B76C /* fingerpoint2.png */ = {isa = PBXFileReference; lastKnownFileType = image.png; name = fingerpoint2.png; path = images/fingerpoint2.png; sourceTree = SOURCE_ROOT; };
		14AC694A1E65DC3300029BB1 /* desismileys_4547.gif */ = {isa = PBXFileReference; lastKnownFileType = image.gif; name = desismileys_4547.gif; path = images/desismileys_4547.gif; sourceTree = SOURCE_ROOT; };
		14AC694C1E661EC500029BB1 /* background_g.paint */ = {isa = PBXFileReference; lastKnownFileType = file.bplist; name = background_g.paint; path = ../images/background_g.paint; sourceTree = "<group>"; };
		14AC694E1E661FA700029BB1 /* background_g.jpeg */ = {isa = PBXFileReference; lastKnownFileType = image.jpeg; name = background_g.jpeg; path = images/background_g.jpeg; sourceTree = SOURCE_ROOT; };
		14AC69501E671B5F00029BB1 /* celebration.gif */ = {isa = PBXFileReference; lastKnownFileType = image.gif; name = celebration.gif; path = images/celebration.gif; sourceTree = SOURCE_ROOT; };
		14AC69511E671B5F00029BB1 /* tappingonscreen.gif */ = {isa = PBXFileReference; lastKnownFileType = image.gif; name = tappingonscreen.gif; path = images/tappingonscreen.gif; sourceTree = SOURCE_ROOT; };
		14AC69521E671B5F00029BB1 /* thumbsup.gif */ = {isa = PBXFileReference; lastKnownFileType = image.gif; name = thumbsup.gif; path = images/thumbsup.gif; sourceTree = SOURCE_ROOT; };
		14B29C671E5F603700B8C0B7 /* a3eecdf48a47e7cf7011744416be731f_animated-apple-gif-apple-animated-clipart_493-437.gif */ = {isa = PBXFileReference; lastKnownFileType = image.gif; name = "a3eecdf48a47e7cf7011744416be731f_animated-apple-gif-apple-animated-clipart_493-437.gif"; path = "images/a3eecdf48a47e7cf7011744416be731f_animated-apple-gif-apple-animated-clipart_493-437.gif"; sourceTree = "<group>"; };
		14B29C681E5F603700B8C0B7 /* celebration-wallpaper-27.jpg */ = {isa = PBXFileReference; lastKnownFileType = image.jpeg; name = "celebration-wallpaper-27.jpg"; path = "images/celebration-wallpaper-27.jpg"; sourceTree = "<group>"; };
		14B29C691E5F603700B8C0B7 /* cute_baby_backgrounds_vector_537580.jpg */ = {isa = PBXFileReference; lastKnownFileType = image.jpeg; name = cute_baby_backgrounds_vector_537580.jpg; path = images/cute_baby_backgrounds_vector_537580.jpg; sourceTree = "<group>"; };
		14B29C6A1E5F603700B8C0B7 /* Cute-Backgrounds-for-Kids-Cartoon-Books.jpg */ = {isa = PBXFileReference; lastKnownFileType = image.jpeg; name = "Cute-Backgrounds-for-Kids-Cartoon-Books.jpg"; path = "images/Cute-Backgrounds-for-Kids-Cartoon-Books.jpg"; sourceTree = "<group>"; };
		14B29C6B1E5F603700B8C0B7 /* purple-flower-17-clip-art-at-clker-com-vector-clip-art-online-NbcXp9-clipart.png */ = {isa = PBXFileReference; lastKnownFileType = image.png; name = "purple-flower-17-clip-art-at-clker-com-vector-clip-art-online-NbcXp9-clipart.png"; path = "images/purple-flower-17-clip-art-at-clker-com-vector-clip-art-online-NbcXp9-clipart.png"; sourceTree = "<group>"; };
		14B29C6C1E5F603700B8C0B7 /* sad-face-thumbs-down-clipart-posted-by-pat-cunningham-on-k99M4w-clipart.png */ = {isa = PBXFileReference; lastKnownFileType = image.png; name = "sad-face-thumbs-down-clipart-posted-by-pat-cunningham-on-k99M4w-clipart.png"; path = "images/sad-face-thumbs-down-clipart-posted-by-pat-cunningham-on-k99M4w-clipart.png"; sourceTree = "<group>"; };
		14B29C6D1E5F603700B8C0B7 /* thumbs-up-192.png */ = {isa = PBXFileReference; lastKnownFileType = image.png; name = "thumbs-up-192.png"; path = "images/thumbs-up-192.png"; sourceTree = "<group>"; };
		14B29C751E5F63B500B8C0B7 /* CorrectViewController.swift */ = {isa = PBXFileReference; fileEncoding = 4; lastKnownFileType = sourcecode.swift; path = CorrectViewController.swift; sourceTree = SOURCE_ROOT; };
		14B29C791E5F910C00B8C0B7 /* 179349.svg */ = {isa = PBXFileReference; fileEncoding = 4; lastKnownFileType = text.xml; name = 179349.svg; path = images/179349.svg; sourceTree = "<group>"; };
		14B29C7D1E5F95EF00B8C0B7 /* 6424892-Beautiful-eco-icon-Vector-illustration--Stock-Vector-leaf-green-background.jpg */ = {isa = PBXFileReference; lastKnownFileType = image.jpeg; name = "6424892-Beautiful-eco-icon-Vector-illustration--Stock-Vector-leaf-green-background.jpg"; path = "images/6424892-Beautiful-eco-icon-Vector-illustration--Stock-Vector-leaf-green-background.jpg"; sourceTree = "<group>"; };
		14B29C7F1E5F97B600B8C0B7 /* bird.JPG */ = {isa = PBXFileReference; lastKnownFileType = image.jpeg; name = bird.JPG; path = images/bird.JPG; sourceTree = "<group>"; };
		14B29C811E5F98F300B8C0B7 /* circle.png */ = {isa = PBXFileReference; lastKnownFileType = image.png; name = circle.png; path = images/circle.png; sourceTree = "<group>"; };
		14C0FD3A1E71DCCF00ABE42A /* download.png */ = {isa = PBXFileReference; lastKnownFileType = image.png; name = download.png; path = images/download.png; sourceTree = "<group>"; };
		14C0FD3C1E71E68700ABE42A /* applause6.mp3 */ = {isa = PBXFileReference; lastKnownFileType = audio.mp3; path = applause6.mp3; sourceTree = SOURCE_ROOT; };
/* End PBXFileReference section */

/* Begin PBXFrameworksBuildPhase section */
		148300E21E4CCB4A00C83C02 /* Frameworks */ = {
			isa = PBXFrameworksBuildPhase;
			buildActionMask = 2147483647;
			files = (
			);
			runOnlyForDeploymentPostprocessing = 0;
		};
		148300F61E4CCB4A00C83C02 /* Frameworks */ = {
			isa = PBXFrameworksBuildPhase;
			buildActionMask = 2147483647;
			files = (
			);
			runOnlyForDeploymentPostprocessing = 0;
		};
		148301011E4CCB4A00C83C02 /* Frameworks */ = {
			isa = PBXFrameworksBuildPhase;
			buildActionMask = 2147483647;
			files = (
			);
			runOnlyForDeploymentPostprocessing = 0;
		};
/* End PBXFrameworksBuildPhase section */

/* Begin PBXGroup section */
		148300DC1E4CCB4A00C83C02 = {
			isa = PBXGroup;
			children = (
				148D871D1E7EF7E700C4B76C /* bensound-funnysong.mp3 */,
				14C0FD3A1E71DCCF00ABE42A /* download.png */,
				14B29C811E5F98F300B8C0B7 /* circle.png */,
				14B29C7F1E5F97B600B8C0B7 /* bird.JPG */,
				14B29C7D1E5F95EF00B8C0B7 /* 6424892-Beautiful-eco-icon-Vector-illustration--Stock-Vector-leaf-green-background.jpg */,
				14B29C791E5F910C00B8C0B7 /* 179349.svg */,
				14B29C671E5F603700B8C0B7 /* a3eecdf48a47e7cf7011744416be731f_animated-apple-gif-apple-animated-clipart_493-437.gif */,
				14B29C681E5F603700B8C0B7 /* celebration-wallpaper-27.jpg */,
				14B29C691E5F603700B8C0B7 /* cute_baby_backgrounds_vector_537580.jpg */,
				14B29C6A1E5F603700B8C0B7 /* Cute-Backgrounds-for-Kids-Cartoon-Books.jpg */,
				14B29C6B1E5F603700B8C0B7 /* purple-flower-17-clip-art-at-clker-com-vector-clip-art-online-NbcXp9-clipart.png */,
				14B29C6C1E5F603700B8C0B7 /* sad-face-thumbs-down-clipart-posted-by-pat-cunningham-on-k99M4w-clipart.png */,
				14B29C6D1E5F603700B8C0B7 /* thumbs-up-192.png */,
				148300E71E4CCB4A00C83C02 /* coursework */,
				148300FC1E4CCB4A00C83C02 /* courseworkTests */,
				148301071E4CCB4A00C83C02 /* courseworkUITests */,
				148300E61E4CCB4A00C83C02 /* Products */,
			);
			sourceTree = "<group>";
		};
		148300E61E4CCB4A00C83C02 /* Products */ = {
			isa = PBXGroup;
			children = (
				148300E51E4CCB4A00C83C02 /* coursework.app */,
				148300F91E4CCB4A00C83C02 /* courseworkTests.xctest */,
				148301041E4CCB4A00C83C02 /* courseworkUITests.xctest */,
			);
			name = Products;
			sourceTree = "<group>";
		};
		148300E71E4CCB4A00C83C02 /* coursework */ = {
			isa = PBXGroup;
			children = (
				148300E81E4CCB4A00C83C02 /* AppDelegate.swift */,
				148129161E536B11000CEF87 /* DraggedImageView.swift */,
				148300EA1E4CCB4A00C83C02 /* ViewController.swift */,
				148300EC1E4CCB4A00C83C02 /* Main.storyboard */,
				148D87211E81CA8900C4B76C /* fingerpoint2.png */,
				148D871F1E81CA2200C4B76C /* fingerpoint.jpeg */,
				14C0FD3C1E71E68700ABE42A /* applause6.mp3 */,
				14AC69501E671B5F00029BB1 /* celebration.gif */,
				14AC69511E671B5F00029BB1 /* tappingonscreen.gif */,
				14AC69521E671B5F00029BB1 /* thumbsup.gif */,
				14AC694E1E661FA700029BB1 /* background_g.jpeg */,
				14AC694C1E661EC500029BB1 /* background_g.paint */,
				14AC694A1E65DC3300029BB1 /* desismileys_4547.gif */,
				14B29C751E5F63B500B8C0B7 /* CorrectViewController.swift */,
				1481291A1E5371E9000CEF87 /* apple.png */,
				148129181E536EA5000CEF87 /* a3eecdf48a47e7cf7011744416be731f_animated-apple-gif-apple-animated-clipart_493-437.gif */,
				148300EF1E4CCB4A00C83C02 /* Assets.xcassets */,
				148300F11E4CCB4A00C83C02 /* LaunchScreen.storyboard */,
				148300F41E4CCB4A00C83C02 /* Info.plist */,
			);
			path = coursework;
			sourceTree = "<group>";
		};
		148300FC1E4CCB4A00C83C02 /* courseworkTests */ = {
			isa = PBXGroup;
			children = (
				148300FD1E4CCB4A00C83C02 /* courseworkTests.swift */,
				148300FF1E4CCB4A00C83C02 /* Info.plist */,
			);
			path = courseworkTests;
			sourceTree = "<group>";
		};
		148301071E4CCB4A00C83C02 /* courseworkUITests */ = {
			isa = PBXGroup;
			children = (
				148301081E4CCB4A00C83C02 /* courseworkUITests.swift */,
				1483010A1E4CCB4A00C83C02 /* Info.plist */,
			);
			path = courseworkUITests;
			sourceTree = "<group>";
		};
/* End PBXGroup section */

/* Begin PBXNativeTarget section */
		148300E41E4CCB4A00C83C02 /* coursework */ = {
			isa = PBXNativeTarget;
			buildConfigurationList = 1483010D1E4CCB4A00C83C02 /* Build configuration list for PBXNativeTarget "coursework" */;
			buildPhases = (
				148300E11E4CCB4A00C83C02 /* Sources */,
				148300E21E4CCB4A00C83C02 /* Frameworks */,
				148300E31E4CCB4A00C83C02 /* Resources */,
			);
			buildRules = (
			);
			dependencies = (
			);
			name = coursework;
			productName = coursework;
			productReference = 148300E51E4CCB4A00C83C02 /* coursework.app */;
			productType = "com.apple.product-type.application";
		};
		148300F81E4CCB4A00C83C02 /* courseworkTests */ = {
			isa = PBXNativeTarget;
			buildConfigurationList = 148301101E4CCB4A00C83C02 /* Build configuration list for PBXNativeTarget "courseworkTests" */;
			buildPhases = (
				148300F51E4CCB4A00C83C02 /* Sources */,
				148300F61E4CCB4A00C83C02 /* Frameworks */,
				148300F71E4CCB4A00C83C02 /* Resources */,
			);
			buildRules = (
			);
			dependencies = (
				148300FB1E4CCB4A00C83C02 /* PBXTargetDependency */,
			);
			name = courseworkTests;
			productName = courseworkTests;
			productReference = 148300F91E4CCB4A00C83C02 /* courseworkTests.xctest */;
			productType = "com.apple.product-type.bundle.unit-test";
		};
		148301031E4CCB4A00C83C02 /* courseworkUITests */ = {
			isa = PBXNativeTarget;
			buildConfigurationList = 148301131E4CCB4A00C83C02 /* Build configuration list for PBXNativeTarget "courseworkUITests" */;
			buildPhases = (
				148301001E4CCB4A00C83C02 /* Sources */,
				148301011E4CCB4A00C83C02 /* Frameworks */,
				148301021E4CCB4A00C83C02 /* Resources */,
			);
			buildRules = (
			);
			dependencies = (
				148301061E4CCB4A00C83C02 /* PBXTargetDependency */,
			);
			name = courseworkUITests;
			productName = courseworkUITests;
			productReference = 148301041E4CCB4A00C83C02 /* courseworkUITests.xctest */;
			productType = "com.apple.product-type.bundle.ui-testing";
		};
/* End PBXNativeTarget section */

/* Begin PBXProject section */
		148300DD1E4CCB4A00C83C02 /* Project object */ = {
			isa = PBXProject;
			attributes = {
				LastSwiftUpdateCheck = 0820;
				LastUpgradeCheck = 0820;
				ORGANIZATIONNAME = Deep;
				TargetAttributes = {
					148300E41E4CCB4A00C83C02 = {
						CreatedOnToolsVersion = 8.2.1;
						DevelopmentTeam = J8HH2RSMD6;
						ProvisioningStyle = Automatic;
					};
					148300F81E4CCB4A00C83C02 = {
						CreatedOnToolsVersion = 8.2.1;
						DevelopmentTeam = J8HH2RSMD6;
						ProvisioningStyle = Automatic;
						TestTargetID = 148300E41E4CCB4A00C83C02;
					};
					148301031E4CCB4A00C83C02 = {
						CreatedOnToolsVersion = 8.2.1;
						DevelopmentTeam = J8HH2RSMD6;
						ProvisioningStyle = Automatic;
						TestTargetID = 148300E41E4CCB4A00C83C02;
					};
				};
			};
			buildConfigurationList = 148300E01E4CCB4A00C83C02 /* Build configuration list for PBXProject "coursework " */;
			compatibilityVersion = "Xcode 3.2";
			developmentRegion = English;
			hasScannedForEncodings = 0;
			knownRegions = (
				en,
				Base,
			);
			mainGroup = 148300DC1E4CCB4A00C83C02;
			productRefGroup = 148300E61E4CCB4A00C83C02 /* Products */;
			projectDirPath = "";
			projectRoot = "";
			targets = (
				148300E41E4CCB4A00C83C02 /* coursework */,
				148300F81E4CCB4A00C83C02 /* courseworkTests */,
				148301031E4CCB4A00C83C02 /* courseworkUITests */,
			);
		};
/* End PBXProject section */

/* Begin PBXResourcesBuildPhase section */
		148300E31E4CCB4A00C83C02 /* Resources */ = {
			isa = PBXResourcesBuildPhase;
			buildActionMask = 2147483647;
			files = (
				14AC69551E671B5F00029BB1 /* thumbsup.gif in Resources */,
				148300F31E4CCB4A00C83C02 /* LaunchScreen.storyboard in Resources */,
				14B29C731E5F603700B8C0B7 /* sad-face-thumbs-down-clipart-posted-by-pat-cunningham-on-k99M4w-clipart.png in Resources */,
				14B29C711E5F603700B8C0B7 /* Cute-Backgrounds-for-Kids-Cartoon-Books.jpg in Resources */,
				14AC694B1E65DC3300029BB1 /* desismileys_4547.gif in Resources */,
				14B29C801E5F97B600B8C0B7 /* bird.JPG in Resources */,
				14B29C6F1E5F603700B8C0B7 /* celebration-wallpaper-27.jpg in Resources */,
				148D87201E81CA2200C4B76C /* fingerpoint.jpeg in Resources */,
				14AC694D1E661EC500029BB1 /* background_g.paint in Resources */,
				14AC69531E671B5F00029BB1 /* celebration.gif in Resources */,
				148300F01E4CCB4A00C83C02 /* Assets.xcassets in Resources */,
				14AC69541E671B5F00029BB1 /* tappingonscreen.gif in Resources */,
				14B29C701E5F603700B8C0B7 /* cute_baby_backgrounds_vector_537580.jpg in Resources */,
				14C0FD3D1E71E68700ABE42A /* applause6.mp3 in Resources */,
				148129191E536EA5000CEF87 /* a3eecdf48a47e7cf7011744416be731f_animated-apple-gif-apple-animated-clipart_493-437.gif in Resources */,
				148300EE1E4CCB4A00C83C02 /* Main.storyboard in Resources */,
				14B29C6E1E5F603700B8C0B7 /* a3eecdf48a47e7cf7011744416be731f_animated-apple-gif-apple-animated-clipart_493-437.gif in Resources */,
				148D871E1E7EF7E700C4B76C /* bensound-funnysong.mp3 in Resources */,
				1481291B1E5371E9000CEF87 /* apple.png in Resources */,
				14B29C7A1E5F910C00B8C0B7 /* 179349.svg in Resources */,
				14B29C7E1E5F95EF00B8C0B7 /* 6424892-Beautiful-eco-icon-Vector-illustration--Stock-Vector-leaf-green-background.jpg in Resources */,
				148D87221E81CA8900C4B76C /* fingerpoint2.png in Resources */,
				14AC694F1E661FA700029BB1 /* background_g.jpeg in Resources */,
				14C0FD3B1E71DCCF00ABE42A /* download.png in Resources */,
				14B29C741E5F603700B8C0B7 /* thumbs-up-192.png in Resources */,
				14B29C721E5F603700B8C0B7 /* purple-flower-17-clip-art-at-clker-com-vector-clip-art-online-NbcXp9-clipart.png in Resources */,
				14B29C821E5F98F300B8C0B7 /* circle.png in Resources */,
			);
			runOnlyForDeploymentPostprocessing = 0;
		};
		148300F71E4CCB4A00C83C02 /* Resources */ = {
			isa = PBXResourcesBuildPhase;
			buildActionMask = 2147483647;
			files = (
			);
			runOnlyForDeploymentPostprocessing = 0;
		};
		148301021E4CCB4A00C83C02 /* Resources */ = {
			isa = PBXResourcesBuildPhase;
			buildActionMask = 2147483647;
			files = (
			);
			runOnlyForDeploymentPostprocessing = 0;
		};
/* End PBXResourcesBuildPhase section */

/* Begin PBXSourcesBuildPhase section */
		148300E11E4CCB4A00C83C02 /* Sources */ = {
			isa = PBXSourcesBuildPhase;
			buildActionMask = 2147483647;
			files = (
				148300EB1E4CCB4A00C83C02 /* ViewController.swift in Sources */,
				148129171E536B11000CEF87 /* DraggedImageView.swift in Sources */,
				148300E91E4CCB4A00C83C02 /* AppDelegate.swift in Sources */,
				14B29C761E5F63B500B8C0B7 /* CorrectViewController.swift in Sources */,
			);
			runOnlyForDeploymentPostprocessing = 0;
		};
		148300F51E4CCB4A00C83C02 /* Sources */ = {
			isa = PBXSourcesBuildPhase;
			buildActionMask = 2147483647;
			files = (
				148300FE1E4CCB4A00C83C02 /* courseworkTests.swift in Sources */,
			);
			runOnlyForDeploymentPostprocessing = 0;
		};
		148301001E4CCB4A00C83C02 /* Sources */ = {
			isa = PBXSourcesBuildPhase;
			buildActionMask = 2147483647;
			files = (
				148301091E4CCB4A00C83C02 /* courseworkUITests.swift in Sources */,
			);
			runOnlyForDeploymentPostprocessing = 0;
		};
/* End PBXSourcesBuildPhase section */

/* Begin PBXTargetDependency section */
		148300FB1E4CCB4A00C83C02 /* PBXTargetDependency */ = {
			isa = PBXTargetDependency;
			target = 148300E41E4CCB4A00C83C02 /* coursework */;
			targetProxy = 148300FA1E4CCB4A00C83C02 /* PBXContainerItemProxy */;
		};
		148301061E4CCB4A00C83C02 /* PBXTargetDependency */ = {
			isa = PBXTargetDependency;
			target = 148300E41E4CCB4A00C83C02 /* coursework */;
			targetProxy = 148301051E4CCB4A00C83C02 /* PBXContainerItemProxy */;
		};
/* End PBXTargetDependency section */

/* Begin PBXVariantGroup section */
		148300EC1E4CCB4A00C83C02 /* Main.storyboard */ = {
			isa = PBXVariantGroup;
			children = (
				148300ED1E4CCB4A00C83C02 /* Base */,
			);
			name = Main.storyboard;
			sourceTree = "<group>";
		};
		148300F11E4CCB4A00C83C02 /* LaunchScreen.storyboard */ = {
			isa = PBXVariantGroup;
			children = (
				148300F21E4CCB4A00C83C02 /* Base */,
			);
			name = LaunchScreen.storyboard;
			sourceTree = "<group>";
		};
/* End PBXVariantGroup section */

/* Begin XCBuildConfiguration section */
		1483010B1E4CCB4A00C83C02 /* Debug */ = {
			isa = XCBuildConfiguration;
			buildSettings = {
				ALWAYS_SEARCH_USER_PATHS = NO;
				CLANG_ANALYZER_NONNULL = YES;
				CLANG_CXX_LANGUAGE_STANDARD = "gnu++0x";
				CLANG_CXX_LIBRARY = "libc++";
				CLANG_ENABLE_MODULES = YES;
				CLANG_ENABLE_OBJC_ARC = YES;
				CLANG_WARN_BOOL_CONVERSION = YES;
				CLANG_WARN_CONSTANT_CONVERSION = YES;
				CLANG_WARN_DIRECT_OBJC_ISA_USAGE = YES_ERROR;
				CLANG_WARN_DOCUMENTATION_COMMENTS = YES;
				CLANG_WARN_EMPTY_BODY = YES;
				CLANG_WARN_ENUM_CONVERSION = YES;
				CLANG_WARN_INFINITE_RECURSION = YES;
				CLANG_WARN_INT_CONVERSION = YES;
				CLANG_WARN_OBJC_ROOT_CLASS = YES_ERROR;
				CLANG_WARN_SUSPICIOUS_MOVE = YES;
				CLANG_WARN_UNREACHABLE_CODE = YES;
				CLANG_WARN__DUPLICATE_METHOD_MATCH = YES;
				"CODE_SIGN_IDENTITY[sdk=iphoneos*]" = "iPhone Developer";
				COPY_PHASE_STRIP = NO;
				DEBUG_INFORMATION_FORMAT = dwarf;
				ENABLE_STRICT_OBJC_MSGSEND = YES;
				ENABLE_TESTABILITY = YES;
				GCC_C_LANGUAGE_STANDARD = gnu99;
				GCC_DYNAMIC_NO_PIC = NO;
				GCC_NO_COMMON_BLOCKS = YES;
				GCC_OPTIMIZATION_LEVEL = 0;
				GCC_PREPROCESSOR_DEFINITIONS = (
					"DEBUG=1",
					"$(inherited)",
				);
				GCC_WARN_64_TO_32_BIT_CONVERSION = YES;
				GCC_WARN_ABOUT_RETURN_TYPE = YES_ERROR;
				GCC_WARN_UNDECLARED_SELECTOR = YES;
				GCC_WARN_UNINITIALIZED_AUTOS = YES_AGGRESSIVE;
				GCC_WARN_UNUSED_FUNCTION = YES;
				GCC_WARN_UNUSED_VARIABLE = YES;
				IPHONEOS_DEPLOYMENT_TARGET = 10.2;
				MTL_ENABLE_DEBUG_INFO = YES;
				ONLY_ACTIVE_ARCH = YES;
				SDKROOT = iphoneos;
				SWIFT_ACTIVE_COMPILATION_CONDITIONS = DEBUG;
				SWIFT_OPTIMIZATION_LEVEL = "-Onone";
			};
			name = Debug;
		};
		1483010C1E4CCB4A00C83C02 /* Release */ = {
			isa = XCBuildConfiguration;
			buildSettings = {
				ALWAYS_SEARCH_USER_PATHS = NO;
				CLANG_ANALYZER_NONNULL = YES;
				CLANG_CXX_LANGUAGE_STANDARD = "gnu++0x";
				CLANG_CXX_LIBRARY = "libc++";
				CLANG_ENABLE_MODULES = YES;
				CLANG_ENABLE_OBJC_ARC = YES;
				CLANG_WARN_BOOL_CONVERSION = YES;
				CLANG_WARN_CONSTANT_CONVERSION = YES;
				CLANG_WARN_DIRECT_OBJC_ISA_USAGE = YES_ERROR;
				CLANG_WARN_DOCUMENTATION_COMMENTS = YES;
				CLANG_WARN_EMPTY_BODY = YES;
				CLANG_WARN_ENUM_CONVERSION = YES;
				CLANG_WARN_INFINITE_RECURSION = YES;
				CLANG_WARN_INT_CONVERSION = YES;
				CLANG_WARN_OBJC_ROOT_CLASS = YES_ERROR;
				CLANG_WARN_SUSPICIOUS_MOVE = YES;
				CLANG_WARN_UNREACHABLE_CODE = YES;
				CLANG_WARN__DUPLICATE_METHOD_MATCH = YES;
				"CODE_SIGN_IDENTITY[sdk=iphoneos*]" = "iPhone Developer";
				COPY_PHASE_STRIP = NO;
				DEBUG_INFORMATION_FORMAT = "dwarf-with-dsym";
				ENABLE_NS_ASSERTIONS = NO;
				ENABLE_STRICT_OBJC_MSGSEND = YES;
				GCC_C_LANGUAGE_STANDARD = gnu99;
				GCC_NO_COMMON_BLOCKS = YES;
				GCC_WARN_64_TO_32_BIT_CONVERSION = YES;
				GCC_WARN_ABOUT_RETURN_TYPE = YES_ERROR;
				GCC_WARN_UNDECLARED_SELECTOR = YES;
				GCC_WARN_UNINITIALIZED_AUTOS = YES_AGGRESSIVE;
				GCC_WARN_UNUSED_FUNCTION = YES;
				GCC_WARN_UNUSED_VARIABLE = YES;
				IPHONEOS_DEPLOYMENT_TARGET = 10.2;
				MTL_ENABLE_DEBUG_INFO = NO;
				SDKROOT = iphoneos;
				SWIFT_OPTIMIZATION_LEVEL = "-Owholemodule";
				VALIDATE_PRODUCT = YES;
			};
			name = Release;
		};
		1483010E1E4CCB4A00C83C02 /* Debug */ = {
			isa = XCBuildConfiguration;
			buildSettings = {
				ASSETCATALOG_COMPILER_APPICON_NAME = AppIcon;
				"CODE_SIGN_IDENTITY[sdk=iphoneos*]" = "iPhone Developer";
				DEVELOPMENT_TEAM = J8HH2RSMD6;
				INFOPLIST_FILE = coursework/Info.plist;
				LD_RUNPATH_SEARCH_PATHS = "$(inherited) @executable_path/Frameworks";
				PRODUCT_BUNDLE_IDENTIFIER = "Coursework-start.coursework";
				PRODUCT_NAME = "$(TARGET_NAME)";
				SWIFT_VERSION = 3.0;
			};
			name = Debug;
		};
		1483010F1E4CCB4A00C83C02 /* Release */ = {
			isa = XCBuildConfiguration;
			buildSettings = {
				ASSETCATALOG_COMPILER_APPICON_NAME = AppIcon;
				"CODE_SIGN_IDENTITY[sdk=iphoneos*]" = "iPhone Developer";
				DEVELOPMENT_TEAM = J8HH2RSMD6;
				INFOPLIST_FILE = coursework/Info.plist;
				LD_RUNPATH_SEARCH_PATHS = "$(inherited) @executable_path/Frameworks";
				PRODUCT_BUNDLE_IDENTIFIER = "Coursework-start.coursework";
				PRODUCT_NAME = "$(TARGET_NAME)";
				SWIFT_VERSION = 3.0;
			};
			name = Release;
		};
		148301111E4CCB4A00C83C02 /* Debug */ = {
			isa = XCBuildConfiguration;
			buildSettings = {
				ALWAYS_EMBED_SWIFT_STANDARD_LIBRARIES = YES;
				BUNDLE_LOADER = "$(TEST_HOST)";
				DEVELOPMENT_TEAM = J8HH2RSMD6;
				INFOPLIST_FILE = courseworkTests/Info.plist;
				LD_RUNPATH_SEARCH_PATHS = "$(inherited) @executable_path/Frameworks @loader_path/Frameworks";
				PRODUCT_BUNDLE_IDENTIFIER = "Coursework-start.courseworkTests";
				PRODUCT_NAME = "$(TARGET_NAME)";
				SWIFT_VERSION = 3.0;
				TEST_HOST = "$(BUILT_PRODUCTS_DIR)/coursework.app/coursework";
			};
			name = Debug;
		};
		148301121E4CCB4A00C83C02 /* Release */ = {
			isa = XCBuildConfiguration;
			buildSettings = {
				ALWAYS_EMBED_SWIFT_STANDARD_LIBRARIES = YES;
				BUNDLE_LOADER = "$(TEST_HOST)";
				DEVELOPMENT_TEAM = J8HH2RSMD6;
				INFOPLIST_FILE = courseworkTests/Info.plist;
				LD_RUNPATH_SEARCH_PATHS = "$(inherited) @executable_path/Frameworks @loader_path/Frameworks";
				PRODUCT_BUNDLE_IDENTIFIER = "Coursework-start.courseworkTests";
				PRODUCT_NAME = "$(TARGET_NAME)";
				SWIFT_VERSION = 3.0;
				TEST_HOST = "$(BUILT_PRODUCTS_DIR)/coursework.app/coursework";
			};
			name = Release;
		};
		148301141E4CCB4A00C83C02 /* Debug */ = {
			isa = XCBuildConfiguration;
			buildSettings = {
				ALWAYS_EMBED_SWIFT_STANDARD_LIBRARIES = YES;
				DEVELOPMENT_TEAM = J8HH2RSMD6;
				INFOPLIST_FILE = courseworkUITests/Info.plist;
				LD_RUNPATH_SEARCH_PATHS = "$(inherited) @executable_path/Frameworks @loader_path/Frameworks";
				PRODUCT_BUNDLE_IDENTIFIER = "Coursework-start.courseworkUITests";
				PRODUCT_NAME = "$(TARGET_NAME)";
				SWIFT_VERSION = 3.0;
				TEST_TARGET_NAME = coursework;
			};
			name = Debug;
		};
		148301151E4CCB4A00C83C02 /* Release */ = {
			isa = XCBuildConfiguration;
			buildSettings = {
				ALWAYS_EMBED_SWIFT_STANDARD_LIBRARIES = YES;
				DEVELOPMENT_TEAM = J8HH2RSMD6;
				INFOPLIST_FILE = courseworkUITests/Info.plist;
				LD_RUNPATH_SEARCH_PATHS = "$(inherited) @executable_path/Frameworks @loader_path/Frameworks";
				PRODUCT_BUNDLE_IDENTIFIER = "Coursework-start.courseworkUITests";
				PRODUCT_NAME = "$(TARGET_NAME)";
				SWIFT_VERSION = 3.0;
				TEST_TARGET_NAME = coursework;
			};
			name = Release;
		};
/* End XCBuildConfiguration section */

/* Begin XCConfigurationList section */
		148300E01E4CCB4A00C83C02 /* Build configuration list for PBXProject "coursework " */ = {
			isa = XCConfigurationList;
			buildConfigurations = (
				1483010B1E4CCB4A00C83C02 /* Debug */,
				1483010C1E4CCB4A00C83C02 /* Release */,
			);
			defaultConfigurationIsVisible = 0;
			defaultConfigurationName = Release;
		};
		1483010D1E4CCB4A00C83C02 /* Build configuration list for PBXNativeTarget "coursework" */ = {
			isa = XCConfigurationList;
			buildConfigurations = (
				1483010E1E4CCB4A00C83C02 /* Debug */,
				1483010F1E4CCB4A00C83C02 /* Release */,
			);
			defaultConfigurationIsVisible = 0;
			defaultConfigurationName = Release;
		};
		148301101E4CCB4A00C83C02 /* Build configuration list for PBXNativeTarget "courseworkTests" */ = {
			isa = XCConfigurationList;
			buildConfigurations = (
				148301111E4CCB4A00C83C02 /* Debug */,
				148301121E4CCB4A00C83C02 /* Release */,
			);
			defaultConfigurationIsVisible = 0;
			defaultConfigurationName = Release;
		};
		148301131E4CCB4A00C83C02 /* Build configuration list for PBXNativeTarget "courseworkUITests" */ = {
			isa = XCConfigurationList;
			buildConfigurations = (
				148301141E4CCB4A00C83C02 /* Debug */,
				148301151E4CCB4A00C83C02 /* Release */,
			);
			defaultConfigurationIsVisible = 0;
			defaultConfigurationName = Release;
		};
/* End XCConfigurationList section */
	};
	rootObject = 148300DD1E4CCB4A00C83C02 /* Project object */;
}
